
Microsoft Visual Studio Solution File, Format Version 12.00
# Visual Studio 15
Project("{FAE04EC0-301F-11D3-BF4B-00C04F79EFBC}") = "Assembly-CSharp-firstpass", "Assembly-CSharp-firstpass.csproj", "{487499A7-56CC-4CCF-359F-5AEE6B776282}"
EndProject
Project("{FAE04EC0-301F-11D3-BF4B-00C04F79EFBC}") = "Assembly-CSharp", "Assembly-CSharp.csproj", "{FD1CFD06-A35C-5275-99AB-A172FF2AB068}"
EndProject
Project("{FAE04EC0-301F-11D3-BF4B-00C04F79EFBC}") = "Assembly-CSharp-Editor-firstpass", "Assembly-CSharp-Editor-firstpass.csproj", "{30946A5E-3AE4-900D-D573-219E2C97CB91}"
EndProject
Project("{FAE04EC0-301F-11D3-BF4B-00C04F79EFBC}") = "Assembly-CSharp-Editor", "Assembly-CSharp-Editor.csproj", "{1809E6DF-B9AD-72A1-E3C0-AB3BC6D6D2B2}"
EndProject
Global
	GlobalSection(SolutionConfigurationPlatforms) = preSolution
		Debug|Any CPU = Debug|Any CPU
		Release|Any CPU = Release|Any CPU
	EndGlobalSection
	GlobalSection(ProjectConfigurationPlatforms) = postSolution
		{487499A7-56CC-4CCF-359F-5AEE6B776282}.Debug|Any CPU.ActiveCfg = Debug|Any CPU
		{487499A7-56CC-4CCF-359F-5AEE6B776282}.Debug|Any CPU.Build.0 = Debug|Any CPU
		{487499A7-56CC-4CCF-359F-5AEE6B776282}.Release|Any CPU.ActiveCfg = Release|Any CPU
		{487499A7-56CC-4CCF-359F-5AEE6B776282}.Release|Any CPU.Build.0 = Release|Any CPU
		{FD1CFD06-A35C-5275-99AB-A172FF2AB068}.Debug|Any CPU.ActiveCfg = Debug|Any CPU
		{FD1CFD06-A35C-5275-99AB-A172FF2AB068}.Debug|Any CPU.Build.0 = Debug|Any CPU
		{FD1CFD06-A35C-5275-99AB-A172FF2AB068}.Release|Any CPU.ActiveCfg = Release|Any CPU
		{FD1CFD06-A35C-5275-99AB-A172FF2AB068}.Release|Any CPU.Build.0 = Release|Any CPU
		{30946A5E-3AE4-900D-D573-219E2C97CB91}.Debug|Any CPU.ActiveCfg = Debug|Any CPU
		{30946A5E-3AE4-900D-D573-219E2C97CB91}.Debug|Any CPU.Build.0 = Debug|Any CPU
		{30946A5E-3AE4-900D-D573-219E2C97CB91}.Release|Any CPU.ActiveCfg = Release|Any CPU
		{30946A5E-3AE4-900D-D573-219E2C97CB91}.Release|Any CPU.Build.0 = Release|Any CPU
		{1809E6DF-B9AD-72A1-E3C0-AB3BC6D6D2B2}.Debug|Any CPU.ActiveCfg = Debug|Any CPU
		{1809E6DF-B9AD-72A1-E3C0-AB3BC6D6D2B2}.Debug|Any CPU.Build.0 = Debug|Any CPU
		{1809E6DF-B9AD-72A1-E3C0-AB3BC6D6D2B2}.Release|Any CPU.ActiveCfg = Release|Any CPU
		{1809E6DF-B9AD-72A1-E3C0-AB3BC6D6D2B2}.Release|Any CPU.Build.0 = Release|Any CPU
	EndGlobalSection
	GlobalSection(SolutionProperties) = preSolution
		HideSolutionNode = FALSE
	EndGlobalSection
EndGlobal
